<?xml version="1.0" encoding="UTF-8" standalone="yes" ?>
<CodeBlocks_project_file>
	<FileVersion major="1" minor="6" />
	<Project>
		<Option title="nTRACER" />
		<Option pch_mode="2" />
		<Option compiler="pgifortran" />
		<Option virtualFolders="Header Files\;Source Files\;Source Files\Axial Solver\;Source Files\Boron\;Source Files\CMFD\;Source Files\COMMON\;Source Files\Control Rod\;Source Files\Decoupled\;Source Files\Depletion\;Source Files\Geometry Treatment\;Source Files\Group Constant\;Source Files\Initialize\;Source Files\IO\;Source Files\Linear System Solver\;Source Files\LP_SHUFFLE\;Source Files\Main\;Source Files\MC\;Source Files\MCP\;Source Files\MOC\;Source Files\PE\;Source Files\Subgroup\;Source Files\TH\;Source Files\Transient\;Source Files\Util\;Source Files\Xenon Dynamics\;Source Files\XS\;Source Files\Axial Solver\P1\;Source Files\Axial Solver\SP3\;Source Files\CMFD\Group Condense\;Source Files\CMFD\Group Condense\2Group\;Source Files\CMFD\SetSystem\;Source Files\Decoupled\DcplCMFD\;Source Files\Decoupled\DcplMOC\;Source Files\Decoupled\DcplTH\;Source Files\Decoupled\PinXSOut\;Source Files\Depletion\Cooling\;Source Files\Depletion\Critical Spectrum\;Source Files\Depletion\Gd Depletion\;Source Files\Geometry Treatment\CADGeom\;Source Files\Geometry Treatment\Geom Init\;Source Files\Geometry Treatment\Geometry\;Source Files\Geometry Treatment\SetRay\;Source Files\Group Constant\Old\;Source Files\IO\OutputProcess\;Source Files\IO\ReadInput\;Source Files\Linear System Solver\RadDcmp\;Source Files\MC\LinearSolver\;Source Files\TH\SteamTbl\;Source Files\TH\Subchannel\;Source Files\Transient\CMFD\;Source Files\Transient\MOC\;Source Files\XS\BenchmarkXS\;Source Files\XS\LibXS\;Source Files\XS\VTK\;Source Files\CSRMATRIX\;Source Files\Parallel Computing\;Source Files\Parallel Computing\OpenCL\;Source Files\Gamma Transport\;Source Files\Gamma Transport\MOC\;Source Files\Gamma Transport\CMFD\;Source Files\Parallel Computing\CUDA\;Source Files\Parallel Computing\MKL\;Source Files\Parallel Computing\MKL\CMFD\;Source Files\Parallel Computing\MKL\Axial\;Source Files\Parallel Computing\Common\;Source Files\Parallel Computing\MKL\Depletion\;Source Files\Parallel Computing\CUDA\CMFD\;Source Files\Parallel Computing\CUDA\MOC\;Source Files\Parallel Computing\CUDA\Axial\;Source Files\Hex\;Source Files\Parallel Computing\Common\Depletion\;Source Files\Parallel Computing\CUDA\Depletion\;Source Files\Parallel Computing\CUDA\XS\;Source Files\Parallel Computing\CUDA\Transient\;Source Files\Hex\Bridge\;Source Files\Hex\CMFD\;Source Files\Hex\Geo\;Source Files\Hex\IO\;Source Files\Hex\Ray\;Source Files\MOC\Common\;Source Files\MOC\Domain Dcmp\;Source Files\MOC\Group Major\;Source Files\MOC\Linear Src\;Source Files\MOC\Node Major\;" />
		<Build>
			<Target title="Debug">
				<Option output="bin/Debug/nTRACER" prefix_auto="1" extension_auto="1" />
				<Option working_dir="../" />
				<Option object_output="obj/Debug/" />
				<Option type="1" />
				<Option compiler="pgifortran" />
				<Option parameters="Prob5_2D_A_OPR.inp" />
				<Compiler>
					<Add option="-Mbackslash" />
					<Add option="-r8" />
					<Add option="-Minform=warn" />
					<Add option="-g" />
					<Add option="-Mpreprocess" />
					<Add option="-Bstatic" />
					<Add option="-mp" />
					<Add option="-acc" />
					<Add option="-Mcuda=fastmath" />
					<Add option="-ta=tesla,cuda10.1" />
					<Add option="-Mcudalib=cusparse,cublas" />
					<Add directory="../src" />
					<Add directory="C:/Program Files (x86)/Microsoft SDKs/MPI/Include" />
					<Add directory="C:/Program Files (x86)/Microsoft SDKs/MPI/Include/x64" />
				</Compiler>
				<Linker>
					<Add option="-Bstatic" />
					<Add option="-mp" />
					<Add option="-acc" />
					<Add option="-Mcuda=fastmath" />
					<Add option="-ta=tesla,cuda10.1" />
					<Add option="-Mcudalib=cusparse,cublas" />
					<Add option="-stack=100000000" />
					<Add library="C:/Program Files (x86)/Microsoft SDKs/MPI/Lib/x64/msmpi.lib" />
					<Add library="C:/Program Files (x86)/Microsoft SDKs/MPI/Lib/x64/msmpifec.lib" />
					<Add library="C:/Program Files (x86)/Microsoft SDKs/MPI/Lib/x64/msmpifmc.lib" />
				</Linker>
			</Target>
			<Target title="Release">
				<Option output="bin/Release/nTRACER" prefix_auto="1" extension_auto="1" />
				<Option working_dir="./" />
				<Option object_output="obj/Release/" />
				<Option type="1" />
				<Option compiler="pgifortran" />
				<Option parameters="./APR1400_3D_A0_HALF.txt" />
				<Compiler>
					<Add option="-Mbackslash" />
					<Add option="-r8" />
					<Add option="-fast" />
					<Add option="-Minform=warn" />
					<Add option="-Mpreprocess" />
					<Add option="-Bstatic" />
					<Add option="-mp" />
					<Add option="-acc" />
					<Add option="-Mcuda=fastmath" />
					<Add option="-ta=tesla,cuda10.1" />
					<Add option="-Mcudalib=cusparse,cublas" />
					<Add option="-Mmpi=msmpi" />
					<Add directory="../src" />
					<Add directory="C:/Program Files (x86)/Microsoft SDKs/MPI/Include" />
					<Add directory="C:/Program Files (x86)/Microsoft SDKs/MPI/Include/x64" />
				</Compiler>
				<Linker>
					<Add option="-Bstatic" />
					<Add option="-mp" />
					<Add option="-acc" />
					<Add option="-Mcuda=fastmath" />
					<Add option="-ta=tesla,cuda10.1" />
					<Add option="-Mcudalib=cusparse,cublas" />
					<Add option="-stack=100000000" />
					<Add option="-lblas" />
					<Add option="-llapack" />
					<Add option="-Mmpi=msmpi" />
					<Add library="C:/Program Files (x86)/Microsoft SDKs/MPI/Lib/x64/msmpi.lib" />
					<Add library="C:/Program Files (x86)/Microsoft SDKs/MPI/Lib/x64/msmpifec.lib" />
					<Add library="C:/Program Files (x86)/Microsoft SDKs/MPI/Lib/x64/msmpifmc.lib" />
					<Add directory="C:/Program Files/PGI/win64/19.4/lib" />
				</Linker>
			</Target>
		</Build>
		<Unit filename="../src/AllocAxSol.f90">
			<Option weight="6" />
			<Option virtualFolder="Source Files/Axial Solver/" />
		</Unit>
		<Unit filename="../src/AllocPdm.f90">
			<Option weight="10" />
			<Option virtualFolder="Source Files/Initialize/" />
		</Unit>
		<Unit filename="../src/AllocTh.f90">
			<Option weight="2" />
			<Option virtualFolder="Source Files/TH/" />
		</Unit>
		<Unit filename="../src/ApproxExp.f90">
			<Option weight="10" />
			<Option virtualFolder="Source Files/MOC/Common/" />
		</Unit>
		<Unit filename="../src/AuxiliaryCSR.f90">
			<Option weight="1" />
			<Option virtualFolder="Source Files/Parallel Computing/Common/Depletion/" />
		</Unit>
		<Unit filename="../src/AxialSp3_mod.f90">
			<Option weight="4" />
			<Option virtualFolder="Source Files/Axial Solver/SP3/" />
		</Unit>
		<Unit filename="../src/B10Depl.f90">
			<Option weight="10" />
			<Option virtualFolder="Source Files/Boron/" />
		</Unit>
		<Unit filename="../src/B1_mod.f90">
			<Option weight="2" />
			<Option virtualFolder="Source Files/Depletion/Critical Spectrum/" />
		</Unit>
		<Unit filename="../src/BasicOperation.f90">
			<Option weight="1" />
			<Option virtualFolder="Source Files/Util/" />
		</Unit>
		<Unit filename="../src/BenchXs_mod.f90">
			<Option weight="2" />
			<Option virtualFolder="Source Files/XS/BenchmarkXS/" />
		</Unit>
		<Unit filename="../src/BiCGSTAB.f90">
			<Option weight="5" />
			<Option virtualFolder="Source Files/Linear System Solver/" />
		</Unit>
		<Unit filename="../src/BiCGSTAB2g.f90">
			<Option weight="5" />
			<Option virtualFolder="Source Files/Linear System Solver/" />
		</Unit>
		<Unit filename="../src/BiLU.f90">
			<Option weight="4" />
			<Option virtualFolder="Source Files/Linear System Solver/" />
		</Unit>
		<Unit filename="../src/BinOutPutEdit.f90">
			<Option weight="5" />
			<Option virtualFolder="Source Files/IO/OutputProcess/" />
		</Unit>
		<Unit filename="../src/BoronCoolant.f90">
			<Option weight="9" />
			<Option virtualFolder="Source Files/Boron/" />
		</Unit>
		<Unit filename="../src/Boron_mod.f90">
			<Option weight="4" />
			<Option virtualFolder="Source Files/Boron/" />
		</Unit>
		<Unit filename="../src/CMFDComm_mod.f90">
			<Option weight="4" />
			<Option virtualFolder="Source Files/PE/" />
		</Unit>
		<Unit filename="../src/CMFDTally.f90">
			<Option weight="5" />
			<Option virtualFolder="Source Files/MC/" />
		</Unit>
		<Unit filename="../src/CMFD_COMMON.f90">
			<Option weight="12" />
			<Option virtualFolder="Source Files/Parallel Computing/Common/" />
		</Unit>
		<Unit filename="../src/CNTLROD_mod.f90">
			<Option weight="6" />
			<Option virtualFolder="Source Files/Control Rod/" />
		</Unit>
		<Unit filename="../src/CP_mod.f90">
			<Option weight="0" />
			<Option virtualFolder="Source Files/Subgroup/" />
		</Unit>
		<Unit filename="../src/CSRMATRIX.f90">
			<Option weight="0" />
			<Option virtualFolder="Source Files/CSRMATRIX/" />
		</Unit>
		<Unit filename="../src/CTFTH_mod.f90">
			<Option weight="6" />
			<Option virtualFolder="Source Files/TH/Subchannel/" />
		</Unit>
		<Unit filename="../src/CUDADEFINES.h">
			<Option virtualFolder="Header Files/" />
		</Unit>
		<Unit filename="../src/CUDATypeDef.f90">
			<Option weight="3" />
			<Option virtualFolder="Source Files/Parallel Computing/CUDA/" />
		</Unit>
		<Unit filename="../src/CUDA_AXIAL.f90">
			<Option weight="10" />
			<Option virtualFolder="Source Files/Parallel Computing/CUDA/Axial/" />
		</Unit>
		<Unit filename="../src/CUDA_AXMOC.f90">
			<Option weight="9" />
			<Option virtualFolder="Source Files/Parallel Computing/CUDA/Axial/" />
		</Unit>
		<Unit filename="../src/CUDA_AXRT.f90">
			<Option weight="5" />
			<Option virtualFolder="Source Files/Parallel Computing/CUDA/Axial/" />
		</Unit>
		<Unit filename="../src/CUDA_CMFD.f90">
			<Option weight="13" />
			<Option virtualFolder="Source Files/Parallel Computing/CUDA/CMFD/" />
		</Unit>
		<Unit filename="../src/CUDA_COMMON.f90">
			<Option weight="4" />
			<Option virtualFolder="Source Files/Parallel Computing/CUDA/" />
		</Unit>
		<Unit filename="../src/CUDA_DEPL.f90">
			<Option weight="14" />
			<Option virtualFolder="Source Files/Parallel Computing/CUDA/Depletion/" />
		</Unit>
		<Unit filename="../src/CUDA_DRIVER.f90">
			<Option weight="14" />
			<Option virtualFolder="Source Files/Parallel Computing/CUDA/" />
		</Unit>
		<Unit filename="../src/CUDA_INIT.f90">
			<Option weight="13" />
			<Option virtualFolder="Source Files/Parallel Computing/CUDA/" />
		</Unit>
		<Unit filename="../src/CUDA_MOC.f90">
			<Option weight="5" />
			<Option virtualFolder="Source Files/Parallel Computing/CUDA/MOC/" />
		</Unit>
		<Unit filename="../src/CUDA_MatExp.f90">
			<Option weight="6" />
			<Option virtualFolder="Source Files/Parallel Computing/CUDA/Depletion/" />
		</Unit>
		<Unit filename="../src/CUDA_NNFSP.f90">
			<Option weight="0" />
			<Option virtualFolder="Source Files/Parallel Computing/CUDA/Transient/" />
		</Unit>
		<Unit filename="../src/CUDA_NN_DRIVER.f90">
			<Option weight="0" />
			<Option virtualFolder="Source Files/Parallel Computing/CUDA/Transient/" />
		</Unit>
		<Unit filename="../src/CUDA_NODAL.f90">
			<Option weight="5" />
			<Option virtualFolder="Source Files/Parallel Computing/CUDA/Axial/" />
		</Unit>
		<Unit filename="../src/CUDA_PCR.f90">
			<Option weight="5" />
			<Option virtualFolder="Source Files/Parallel Computing/CUDA/CMFD/" />
		</Unit>
		<Unit filename="../src/CUDA_PWDIST.f90">
			<Option weight="10" />
			<Option virtualFolder="Source Files/Parallel Computing/CUDA/Transient/" />
		</Unit>
		<Unit filename="../src/CUDA_SOLVER.f90">
			<Option weight="6" />
			<Option virtualFolder="Source Files/Parallel Computing/CUDA/CMFD/" />
		</Unit>
		<Unit filename="../src/CUDA_SYSTEM.f90">
			<Option weight="6" />
			<Option virtualFolder="Source Files/Parallel Computing/CUDA/CMFD/" />
		</Unit>
		<Unit filename="../src/CUDA_SolProc.f90">
			<Option weight="7" />
			<Option virtualFolder="Source Files/Parallel Computing/CUDA/Depletion/" />
		</Unit>
		<Unit filename="../src/CUDA_TR_DRIVER.f90">
			<Option weight="16" />
			<Option virtualFolder="Source Files/Parallel Computing/CUDA/Transient/" />
		</Unit>
		<Unit filename="../src/CUDA_Transient.f90">
			<Option weight="14" />
			<Option virtualFolder="Source Files/Parallel Computing/CUDA/Transient/" />
		</Unit>
		<Unit filename="../src/CUDA_WorkSpace.f90">
			<Option weight="5" />
			<Option virtualFolder="Source Files/Parallel Computing/CUDA/Depletion/" />
		</Unit>
		<Unit filename="../src/CUDA_XS.f90">
			<Option weight="13" />
			<Option virtualFolder="Source Files/Parallel Computing/CUDA/XS/" />
		</Unit>
		<Unit filename="../src/CadGeom_Mod.f90">
			<Option weight="1" />
			<Option virtualFolder="Source Files/Geometry Treatment/CADGeom/" />
		</Unit>
		<Unit filename="../src/CalExplicitPower.f90">
			<Option weight="9" />
			<Option virtualFolder="Source Files/Gamma Transport/" />
		</Unit>
		<Unit filename="../src/CalRelPower.f90">
			<Option weight="11" />
			<Option virtualFolder="Source Files/TH/" />
		</Unit>
		<Unit filename="../src/Cmfd2gAcc.f90">
			<Option weight="6" />
			<Option virtualFolder="Source Files/CMFD/Group Condense/2Group/" />
		</Unit>
		<Unit filename="../src/Cmfd2gUtil.f90">
			<Option weight="6" />
			<Option virtualFolder="Source Files/CMFD/Group Condense/2Group/" />
		</Unit>
		<Unit filename="../src/Cmfd2g_mod.f90">
			<Option weight="3" />
			<Option virtualFolder="Source Files/CMFD/Group Condense/2Group/" />
		</Unit>
		<Unit filename="../src/CmfdEtc.f90">
			<Option weight="11" />
			<Option virtualFolder="Source Files/CMFD/" />
		</Unit>
		<Unit filename="../src/CmfdPowerMethod.f90">
			<Option weight="6" />
			<Option virtualFolder="Source Files/CMFD/" />
		</Unit>
		<Unit filename="../src/Cooling_mod.f90">
			<Option weight="8" />
			<Option virtualFolder="Source Files/Depletion/Cooling/" />
		</Unit>
		<Unit filename="../src/CorRayGen.f90">
			<Option weight="2" />
			<Option virtualFolder="Source Files/Geometry Treatment/SetRay/" />
		</Unit>
		<Unit filename="../src/CorePowerCal.f90">
			<Option weight="4" />
			<Option virtualFolder="Source Files/IO/OutputProcess/" />
		</Unit>
		<Unit filename="../src/CrCspGen_Driver.f90">
			<Option weight="7" />
			<Option virtualFolder="Source Files/Control Rod/" />
		</Unit>
		<Unit filename="../src/CrCspGen_mod.f90">
			<Option weight="6" />
			<Option virtualFolder="Source Files/Control Rod/" />
		</Unit>
		<Unit filename="../src/CrCsp_mod.f90">
			<Option weight="5" />
			<Option virtualFolder="Source Files/Control Rod/" />
		</Unit>
		<Unit filename="../src/CrSearch_Driver.f90">
			<Option weight="7" />
			<Option virtualFolder="Source Files/Control Rod/" />
		</Unit>
		<Unit filename="../src/CriticalSpec_mod.f90">
			<Option weight="11" />
			<Option virtualFolder="Source Files/Depletion/Critical Spectrum/" />
		</Unit>
		<Unit filename="../src/DEPL_COMMON.f90">
			<Option weight="1" />
			<Option virtualFolder="Source Files/Parallel Computing/Common/" />
		</Unit>
		<Unit filename="../src/DcmpRayGen.f90">
			<Option weight="10" />
			<Option virtualFolder="Source Files/Geometry Treatment/SetRay/" />
		</Unit>
		<Unit filename="../src/DcplCmfd3d.f90">
			<Option weight="6" />
			<Option virtualFolder="Source Files/Decoupled/DcplCMFD/" />
		</Unit>
		<Unit filename="../src/DcplCmfdXsGen.f90">
			<Option weight="11" />
			<Option virtualFolder="Source Files/Decoupled/DcplCMFD/" />
		</Unit>
		<Unit filename="../src/DcplCmfd_mod.f90">
			<Option weight="2" />
			<Option virtualFolder="Source Files/Decoupled/DcplCMFD/" />
		</Unit>
		<Unit filename="../src/DcplCore_mod.f90">
			<Option weight="1" />
			<Option virtualFolder="Source Files/Decoupled/" />
		</Unit>
		<Unit filename="../src/DcplLogOut.f90">
			<Option weight="11" />
			<Option virtualFolder="Source Files/Decoupled/" />
		</Unit>
		<Unit filename="../src/DcplMicXsFtn_mod.f90">
			<Option weight="9" />
			<Option virtualFolder="Source Files/Decoupled/DcplCMFD/" />
		</Unit>
		<Unit filename="../src/DcplPinXsWrt.f90">
			<Option weight="2" />
			<Option virtualFolder="Source Files/Decoupled/PinXSOut/" />
		</Unit>
		<Unit filename="../src/DcplPlnMOC.f90">
			<Option weight="11" />
			<Option virtualFolder="Source Files/Decoupled/DcplMOC/" />
		</Unit>
		<Unit filename="../src/DcplTH_mod.f90">
			<Option weight="6" />
			<Option virtualFolder="Source Files/Decoupled/DcplTH/" />
		</Unit>
		<Unit filename="../src/DcplThPlnMOC.f90">
			<Option weight="11" />
			<Option virtualFolder="Source Files/Decoupled/DcplMOC/" />
		</Unit>
		<Unit filename="../src/DcplThUtil.f90">
			<Option weight="7" />
			<Option virtualFolder="Source Files/Decoupled/DcplTH/" />
		</Unit>
		<Unit filename="../src/DcplXsGen_Mod.f90">
			<Option weight="10" />
			<Option virtualFolder="Source Files/Decoupled/DcplMOC/" />
		</Unit>
		<Unit filename="../src/Dcplsseig.f90">
			<Option weight="11" />
			<Option virtualFolder="Source Files/Decoupled/" />
		</Unit>
		<Unit filename="../src/DefDBG.h">
			<Option virtualFolder="Header Files/" />
		</Unit>
		<Unit filename="../src/DeplEtc.f90">
			<Option weight="12" />
			<Option virtualFolder="Source Files/Depletion/" />
		</Unit>
		<Unit filename="../src/DeplInfoOut.f90">
			<Option weight="5" />
			<Option virtualFolder="Source Files/IO/OutputProcess/" />
		</Unit>
		<Unit filename="../src/DeplInit.f90">
			<Option weight="2" />
			<Option virtualFolder="Source Files/Parallel Computing/Common/Depletion/" />
		</Unit>
		<Unit filename="../src/DeplLib_mod.f90">
			<Option weight="4" />
			<Option virtualFolder="Source Files/Depletion/" />
		</Unit>
		<Unit filename="../src/DeplMod.f90">
			<Option weight="2" />
			<Option virtualFolder="Source Files/Parallel Computing/Common/Depletion/" />
		</Unit>
		<Unit filename="../src/DeplSetSys.f90">
			<Option weight="6" />
			<Option virtualFolder="Source Files/Parallel Computing/Common/Depletion/" />
		</Unit>
		<Unit filename="../src/DeplSetVars.f90">
			<Option weight="2" />
			<Option virtualFolder="Source Files/Parallel Computing/Common/Depletion/" />
		</Unit>
		<Unit filename="../src/DeplSolvePostProc.f90">
			<Option weight="3" />
			<Option virtualFolder="Source Files/Parallel Computing/Common/Depletion/" />
		</Unit>
		<Unit filename="../src/DeplType.f90">
			<Option weight="3" />
			<Option virtualFolder="Source Files/Depletion/" />
		</Unit>
		<Unit filename="../src/Depletion.f90">
			<Option weight="10" />
			<Option virtualFolder="Source Files/Depletion/" />
		</Unit>
		<Unit filename="../src/Depletion.h">
			<Option virtualFolder="Header Files/" />
		</Unit>
		<Unit filename="../src/Depletion_Driver.f90">
			<Option weight="15" />
			<Option virtualFolder="Source Files/Depletion/" />
		</Unit>
		<Unit filename="../src/DirectSenm_mod.f90">
			<Option weight="3" />
			<Option virtualFolder="Source Files/Axial Solver/SP3/" />
		</Unit>
		<Unit filename="../src/EFFMAT0OUT.f90">
			<Option weight="10" />
			<Option virtualFolder="Source Files/IO/OutputProcess/" />
		</Unit>
		<Unit filename="../src/ESCOTTH_mod.f90">
			<Option weight="6" />
			<Option virtualFolder="Source Files/TH/Subchannel/" />
		</Unit>
		<Unit filename="../src/EffMGXsOut.f90">
			<Option weight="10" />
			<Option virtualFolder="Source Files/IO/OutputProcess/" />
		</Unit>
		<Unit filename="../src/EffXsOut.f90">
			<Option weight="10" />
			<Option virtualFolder="Source Files/IO/OutputProcess/" />
		</Unit>
		<Unit filename="../src/EffXsOutDepl.f90">
			<Option weight="10" />
			<Option virtualFolder="Source Files/IO/OutputProcess/" />
		</Unit>
		<Unit filename="../src/FXRVARIATION.f90">
			<Option weight="6" />
			<Option virtualFolder="Source Files/Group Constant/" />
		</Unit>
		<Unit filename="../src/FXRVAR_MOD.f90">
			<Option weight="0" />
			<Option virtualFolder="Source Files/Group Constant/" />
		</Unit>
		<Unit filename="../src/FastMocUtil.f90">
			<Option weight="10" />
			<Option virtualFolder="Source Files/Geometry Treatment/SetRay/" />
		</Unit>
		<Unit filename="../src/FuelConduction.f90">
			<Option weight="6" />
			<Option virtualFolder="Source Files/TH/" />
		</Unit>
		<Unit filename="../src/GCADF.f90">
			<Option weight="13" />
			<Option virtualFolder="Source Files/Group Constant/" />
		</Unit>
		<Unit filename="../src/GCCmfdUtil.f90">
			<Option weight="4" />
			<Option virtualFolder="Source Files/CMFD/Group Condense/" />
		</Unit>
		<Unit filename="../src/GCCmfd_mod.f90">
			<Option weight="2" />
			<Option virtualFolder="Source Files/CMFD/Group Condense/" />
		</Unit>
		<Unit filename="../src/GCCon.f90">
			<Option weight="13" />
			<Option virtualFolder="Source Files/Group Constant/" />
		</Unit>
		<Unit filename="../src/GCEDIT.f90">
			<Option weight="13" />
			<Option virtualFolder="Source Files/Group Constant/" />
		</Unit>
		<Unit filename="../src/GCGen.f90">
			<Option weight="13" />
			<Option virtualFolder="Source Files/Group Constant/" />
		</Unit>
		<Unit filename="../src/GCHom.f90">
			<Option weight="13" />
			<Option virtualFolder="Source Files/Group Constant/" />
		</Unit>
		<Unit filename="../src/GCInit.f90">
			<Option weight="13" />
			<Option virtualFolder="Source Files/Group Constant/" />
		</Unit>
		<Unit filename="../src/GC_mod.f90">
			<Option weight="12" />
			<Option virtualFolder="Source Files/Group Constant/" />
		</Unit>
		<Unit filename="../src/GammaAxial.f90">
			<Option weight="5" />
			<Option virtualFolder="Source Files/Gamma Transport/" />
		</Unit>
		<Unit filename="../src/GammaCMFDAcc.f90">
			<Option weight="9" />
			<Option virtualFolder="Source Files/Gamma Transport/CMFD/" />
		</Unit>
		<Unit filename="../src/GammaCMFD_mod.f90">
			<Option weight="2" />
			<Option virtualFolder="Source Files/Gamma Transport/CMFD/" />
		</Unit>
		<Unit filename="../src/GammaFlatMOC.f90">
			<Option weight="4" />
			<Option virtualFolder="Source Files/Gamma Transport/" />
		</Unit>
		<Unit filename="../src/GammaHomoXsGen.f90">
			<Option weight="9" />
			<Option virtualFolder="Source Files/Gamma Transport/CMFD/" />
		</Unit>
		<Unit filename="../src/GammaMOCEtc.f90">
			<Option weight="9" />
			<Option virtualFolder="Source Files/Gamma Transport/MOC/" />
		</Unit>
		<Unit filename="../src/GammaMOCSweep.f90">
			<Option weight="6" />
			<Option virtualFolder="Source Files/Gamma Transport/MOC/" />
		</Unit>
		<Unit filename="../src/GammaMOC_mod.f90">
			<Option weight="2" />
			<Option virtualFolder="Source Files/Gamma Transport/MOC/" />
		</Unit>
		<Unit filename="../src/GammaRayTracing.f90">
			<Option weight="10" />
			<Option virtualFolder="Source Files/Gamma Transport/MOC/" />
		</Unit>
		<Unit filename="../src/GammaSetRtVar.f90">
			<Option weight="9" />
			<Option virtualFolder="Source Files/Gamma Transport/MOC/" />
		</Unit>
		<Unit filename="../src/GammaXSUtil.f90">
			<Option weight="2" />
			<Option virtualFolder="Source Files/Gamma Transport/" />
		</Unit>
		<Unit filename="../src/GammaXsLib.f90">
			<Option weight="8" />
			<Option virtualFolder="Source Files/Gamma Transport/" />
		</Unit>
		<Unit filename="../src/Gamma_mod.f90">
			<Option weight="1" />
			<Option virtualFolder="Source Files/Gamma Transport/" />
		</Unit>
		<Unit filename="../src/GcCmfdAcc.f90">
			<Option weight="6" />
			<Option virtualFolder="Source Files/CMFD/Group Condense/" />
		</Unit>
		<Unit filename="../src/GdDepl.f90">
			<Option weight="8" />
			<Option virtualFolder="Source Files/Depletion/Gd Depletion/" />
		</Unit>
		<Unit filename="../src/GdDepl_mod.f90">
			<Option weight="4" />
			<Option virtualFolder="Source Files/Depletion/Gd Depletion/" />
		</Unit>
		<Unit filename="../src/GenFxrMacXs.f90">
			<Option weight="13" />
			<Option virtualFolder="Source Files/Group Constant/" />
		</Unit>
		<Unit filename="../src/GeomTreatment_mod.f90">
			<Option weight="3" />
			<Option virtualFolder="Source Files/Geometry Treatment/Geometry/" />
		</Unit>
		<Unit filename="../src/GetFSRCentroid.f90">
			<Option weight="10" />
			<Option virtualFolder="Source Files/Geometry Treatment/Geom Init/" />
		</Unit>
		<Unit filename="../src/GlobalCoreMap.f90">
			<Option weight="3" />
			<Option virtualFolder="Source Files/Geometry Treatment/Geom Init/" />
		</Unit>
		<Unit filename="../src/GroupConstantGen.f90">
			<Option weight="13" />
			<Option virtualFolder="Source Files/Group Constant/Old/" />
		</Unit>
		<Unit filename="../src/GroupConstantGenOld.f90">
			<Option weight="12" />
			<Option virtualFolder="Source Files/Group Constant/Old/" />
		</Unit>
		<Unit filename="../src/GroupConstantMod.f90">
			<Option weight="2" />
			<Option virtualFolder="Source Files/Group Constant/Old/" />
		</Unit>
		<Unit filename="../src/HPDeplType.f90">
			<Option weight="1" />
			<Option virtualFolder="Source Files/Parallel Computing/Common/Depletion/" />
		</Unit>
		<Unit filename="../src/HexAsyConst.f90">
			<Option weight="4" />
			<Option virtualFolder="Source Files/Hex/Geo/" />
		</Unit>
		<Unit filename="../src/HexAsyRay.f90">
			<Option weight="6" />
			<Option virtualFolder="Source Files/Hex/Ray/" />
		</Unit>
		<Unit filename="../src/HexAsyRayConst.f90">
			<Option weight="4" />
			<Option virtualFolder="Source Files/Hex/Ray/" />
		</Unit>
		<Unit filename="../src/HexAsyRayIntSct.f90">
			<Option weight="5" />
			<Option virtualFolder="Source Files/Hex/Ray/" />
		</Unit>
		<Unit filename="../src/HexAsyRay_SngCel.f90">
			<Option weight="6" />
			<Option virtualFolder="Source Files/Hex/Ray/" />
		</Unit>
		<Unit filename="../src/HexAsyTypConst.f90">
			<Option weight="4" />
			<Option virtualFolder="Source Files/Hex/Geo/" />
		</Unit>
		<Unit filename="../src/HexCelBasis.f90">
			<Option weight="4" />
			<Option virtualFolder="Source Files/Hex/Geo/" />
		</Unit>
		<Unit filename="../src/HexCelBasis_Gap.f90">
			<Option weight="4" />
			<Option virtualFolder="Source Files/Hex/Geo/" />
		</Unit>
		<Unit filename="../src/HexCelBasis_Rod.f90">
			<Option weight="4" />
			<Option virtualFolder="Source Files/Hex/Geo/" />
		</Unit>
		<Unit filename="../src/HexChkInp.f90">
			<Option weight="4" />
			<Option virtualFolder="Source Files/Hex/IO/" />
		</Unit>
		<Unit filename="../src/HexCmfd.f90">
			<Option weight="4" />
			<Option virtualFolder="Source Files/Hex/CMFD/" />
		</Unit>
		<Unit filename="../src/HexCmfdConst.f90">
			<Option weight="4" />
			<Option virtualFolder="Source Files/Hex/CMFD/" />
		</Unit>
		<Unit filename="../src/HexCnP.f90">
			<Option weight="10" />
			<Option virtualFolder="Source Files/Hex/Bridge/" />
		</Unit>
		<Unit filename="../src/HexCorePowerCal.f90">
			<Option weight="13" />
			<Option virtualFolder="Source Files/Hex/IO/" />
		</Unit>
		<Unit filename="../src/HexData.f90">
			<Option weight="2" />
			<Option virtualFolder="Source Files/Hex/Bridge/" />
		</Unit>
		<Unit filename="../src/HexEffXsOut.f90">
			<Option weight="10" />
			<Option virtualFolder="Source Files/Hex/IO/" />
		</Unit>
		<Unit filename="../src/HexGeo.f90">
			<Option weight="3" />
			<Option virtualFolder="Source Files/Hex/Geo/" />
		</Unit>
		<Unit filename="../src/HexGeoConst.f90">
			<Option weight="3" />
			<Option virtualFolder="Source Files/Hex/Geo/" />
		</Unit>
		<Unit filename="../src/HexInit.f90">
			<Option weight="5" />
			<Option virtualFolder="Source Files/Hex/Bridge/" />
		</Unit>
		<Unit filename="../src/HexInpCard.f90">
			<Option weight="4" />
			<Option virtualFolder="Source Files/Hex/IO/" />
		</Unit>
		<Unit filename="../src/HexMain.f90">
			<Option weight="11" />
			<Option virtualFolder="Source Files/Hex/Bridge/" />
		</Unit>
		<Unit filename="../src/HexNgh.f90">
			<Option weight="3" />
			<Option virtualFolder="Source Files/Hex/CMFD/" />
		</Unit>
		<Unit filename="../src/HexNgh_MP.f90">
			<Option weight="3" />
			<Option virtualFolder="Source Files/Hex/CMFD/" />
		</Unit>
		<Unit filename="../src/HexNgh_SP.f90">
			<Option weight="4" />
			<Option virtualFolder="Source Files/Hex/CMFD/" />
		</Unit>
		<Unit filename="../src/HexOutputEdit.f90">
			<Option weight="12" />
			<Option virtualFolder="Source Files/Hex/IO/" />
		</Unit>
		<Unit filename="../src/HexPinConst.f90">
			<Option weight="4" />
			<Option virtualFolder="Source Files/Hex/Geo/" />
		</Unit>
		<Unit filename="../src/HexRayBasic.f90">
			<Option weight="4" />
			<Option virtualFolder="Source Files/Hex/Ray/" />
		</Unit>
		<Unit filename="../src/HexRayConst.f90">
			<Option weight="10" />
			<Option virtualFolder="Source Files/Hex/Ray/" />
		</Unit>
		<Unit filename="../src/HexReadInp.f90">
			<Option weight="5" />
			<Option virtualFolder="Source Files/Hex/IO/" />
		</Unit>
		<Unit filename="../src/HexTLkg.f90">
			<Option weight="3" />
			<Option virtualFolder="Source Files/Hex/CMFD/" />
		</Unit>
		<Unit filename="../src/HexThOut.f90">
			<Option weight="3" />
			<Option virtualFolder="Source Files/Hex/IO/" />
		</Unit>
		<Unit filename="../src/HexTst.f90">
			<Option weight="4" />
			<Option virtualFolder="Source Files/Hex/Bridge/" />
		</Unit>
		<Unit filename="../src/HexType.f90">
			<Option weight="1" />
			<Option virtualFolder="Source Files/Hex/Bridge/" />
		</Unit>
		<Unit filename="../src/HexUtil.f90">
			<Option weight="3" />
			<Option virtualFolder="Source Files/Hex/Bridge/" />
		</Unit>
		<Unit filename="../src/HexVtx.f90">
			<Option weight="5" />
			<Option virtualFolder="Source Files/Hex/CMFD/" />
		</Unit>
		<Unit filename="../src/HighOrderSC.f90">
			<Option weight="3" />
			<Option virtualFolder="Source Files/MC/" />
		</Unit>
		<Unit filename="../src/InitDcpl.f90">
			<Option weight="5" />
			<Option virtualFolder="Source Files/Decoupled/" />
		</Unit>
		<Unit filename="../src/InitSubPlane.f90">
			<Option weight="2" />
			<Option virtualFolder="Source Files/Geometry Treatment/Geom Init/" />
		</Unit>
		<Unit filename="../src/InitTH.f90">
			<Option weight="6" />
			<Option virtualFolder="Source Files/TH/" />
		</Unit>
		<Unit filename="../src/InitTransient.f90">
			<Option weight="16" />
			<Option virtualFolder="Source Files/Transient/" />
		</Unit>
		<Unit filename="../src/Init_Depl.f90">
			<Option weight="5" />
			<Option virtualFolder="Source Files/Depletion/" />
		</Unit>
		<Unit filename="../src/InitializeMC.f90">
			<Option weight="12" />
			<Option virtualFolder="Source Files/MC/" />
		</Unit>
		<Unit filename="../src/IsotopeOut.f90">
			<Option weight="5" />
			<Option virtualFolder="Source Files/Util/" />
		</Unit>
		<Unit filename="../src/KineticParam.f90">
			<Option weight="10" />
			<Option virtualFolder="Source Files/Transient/" />
		</Unit>
		<Unit filename="../src/LU_mod.f90">
			<Option weight="1" />
			<Option virtualFolder="Source Files/Linear System Solver/" />
		</Unit>
		<Unit filename="../src/LpShf_mod.f90">
			<Option weight="9" />
			<Option virtualFolder="Source Files/LP_SHUFFLE/" />
		</Unit>
		<Unit filename="../src/LsRadDecomp.f90">
			<Option weight="3" />
			<Option virtualFolder="Source Files/Linear System Solver/RadDcmp/" />
		</Unit>
		<Unit filename="../src/MATRATH_mod.f90">
			<Option weight="6" />
			<Option virtualFolder="Source Files/TH/Subchannel/" />
		</Unit>
		<Unit filename="../src/MCBasics.f90">
			<Option weight="11" />
			<Option virtualFolder="Source Files/MC/" />
		</Unit>
		<Unit filename="../src/MCCMFD.f90">
			<Option weight="6" />
			<Option virtualFolder="Source Files/MC/" />
		</Unit>
		<Unit filename="../src/MCDefine.f90">
			<Option weight="1" />
			<Option virtualFolder="Source Files/MC/" />
		</Unit>
		<Unit filename="../src/MCFuelRect.f90">
			<Option weight="12" />
			<Option virtualFolder="Source Files/MC/" />
		</Unit>
		<Unit filename="../src/MCGapRect.f90">
			<Option weight="12" />
			<Option virtualFolder="Source Files/MC/" />
		</Unit>
		<Unit filename="../src/MCMap.f90">
			<Option weight="10" />
			<Option virtualFolder="Source Files/MC/" />
		</Unit>
		<Unit filename="../src/MCModular.f90">
			<Option weight="13" />
			<Option virtualFolder="Source Files/MC/" />
		</Unit>
		<Unit filename="../src/MCP_Restart_Main.f90">
			<Option weight="4" />
			<Option virtualFolder="Source Files/MCP/" />
		</Unit>
		<Unit filename="../src/MCP_Util.f90">
			<Option weight="3" />
			<Option virtualFolder="Source Files/MCP/" />
		</Unit>
		<Unit filename="../src/MCTally.f90">
			<Option weight="11" />
			<Option virtualFolder="Source Files/MC/" />
		</Unit>
		<Unit filename="../src/MCVacRect.f90">
			<Option weight="12" />
			<Option virtualFolder="Source Files/MC/" />
		</Unit>
		<Unit filename="../src/MCXsLib.f90">
			<Option weight="9" />
			<Option virtualFolder="Source Files/MC/" />
		</Unit>
		<Unit filename="../src/MCiterLog.f90">
			<Option weight="1" />
			<Option virtualFolder="Source Files/MC/" />
		</Unit>
		<Unit filename="../src/MKL_3D.f90">
			<Option weight="3" />
			<Option virtualFolder="Source Files/Parallel Computing/MKL/" />
		</Unit>
		<Unit filename="../src/MKL_AXIAL.f90">
			<Option weight="13" />
			<Option virtualFolder="Source Files/Parallel Computing/MKL/Axial/" />
		</Unit>
		<Unit filename="../src/MKL_BILU.f90">
			<Option weight="4" />
			<Option virtualFolder="Source Files/Parallel Computing/MKL/CMFD/" />
		</Unit>
		<Unit filename="../src/MKL_CMFD.f90">
			<Option weight="14" />
			<Option virtualFolder="Source Files/Parallel Computing/MKL/CMFD/" />
		</Unit>
		<Unit filename="../src/MKL_DAVIDSON.f90">
			<Option weight="5" />
			<Option virtualFolder="Source Files/Parallel Computing/MKL/CMFD/" />
		</Unit>
		<Unit filename="../src/MKL_DEPL.f90">
			<Option weight="12" />
			<Option virtualFolder="Source Files/Parallel Computing/MKL/Depletion/" />
		</Unit>
		<Unit filename="../src/MKL_FDM.f90">
			<Option weight="4" />
			<Option virtualFolder="Source Files/Parallel Computing/MKL/Axial/" />
		</Unit>
		<Unit filename="../src/MKL_FLATMOC.f90">
			<Option weight="4" />
			<Option virtualFolder="Source Files/Parallel Computing/MKL/Axial/" />
		</Unit>
		<Unit filename="../src/MKL_INIT.f90">
			<Option weight="13" />
			<Option virtualFolder="Source Files/Parallel Computing/MKL/" />
		</Unit>
		<Unit filename="../src/MKL_LINMOC.f90">
			<Option weight="4" />
			<Option virtualFolder="Source Files/Parallel Computing/MKL/Axial/" />
		</Unit>
		<Unit filename="../src/MKL_NODAL.f90">
			<Option weight="4" />
			<Option virtualFolder="Source Files/Parallel Computing/MKL/Axial/" />
		</Unit>
		<Unit filename="../src/MKL_POLYMOC.f90">
			<Option weight="4" />
			<Option virtualFolder="Source Files/Parallel Computing/MKL/Axial/" />
		</Unit>
		<Unit filename="../src/MKL_POWER.f90">
			<Option weight="5" />
			<Option virtualFolder="Source Files/Parallel Computing/MKL/CMFD/" />
		</Unit>
		<Unit filename="../src/MOCSweep.f90">
			<Option weight="10" />
			<Option virtualFolder="Source Files/MOC/Common/" />
		</Unit>
		<Unit filename="../src/MOC_COMMON.f90">
			<Option weight="11" />
			<Option virtualFolder="Source Files/Parallel Computing/Common/" />
		</Unit>
		<Unit filename="../src/MPIAxSolver_Mod.f90">
			<Option weight="5" />
			<Option virtualFolder="Source Files/Axial Solver/" />
		</Unit>
		<Unit filename="../src/MPIComm_mod.f90">
			<Option weight="3" />
			<Option virtualFolder="Source Files/PE/" />
		</Unit>
		<Unit filename="../src/MPIConfig_Mod.f90">
			<Option weight="4" />
			<Option virtualFolder="Source Files/PE/" />
		</Unit>
		<Unit filename="../src/MPIDcpl_mod.f90">
			<Option weight="4" />
			<Option virtualFolder="Source Files/Decoupled/" />
		</Unit>
		<Unit filename="../src/MacXsLib.f90">
			<Option weight="8" />
			<Option virtualFolder="Source Files/XS/LibXS/" />
		</Unit>
		<Unit filename="../src/MakeRays.f90">
			<Option weight="5" />
			<Option virtualFolder="Source Files/Geometry Treatment/SetRay/" />
		</Unit>
		<Unit filename="../src/Mat2x2OP.f90">
			<Option weight="0" />
			<Option virtualFolder="Source Files/Util/" />
		</Unit>
		<Unit filename="../src/MatExp_Mod.f90">
			<Option weight="2" />
			<Option virtualFolder="Source Files/Depletion/" />
		</Unit>
		<Unit filename="../src/MatExponential.f90">
			<Option weight="2" />
			<Option virtualFolder="Source Files/Parallel Computing/MKL/Depletion/" />
		</Unit>
		<Unit filename="../src/Material_Mod.f90">
			<Option weight="1" />
			<Option virtualFolder="Source Files/XS/LibXS/" />
		</Unit>
		<Unit filename="../src/MiscStructGeom.f90">
			<Option weight="4" />
			<Option virtualFolder="Source Files/Geometry Treatment/Geom Init/" />
		</Unit>
		<Unit filename="../src/MocEtc.f90">
			<Option weight="11" />
			<Option virtualFolder="Source Files/MOC/Common/" />
		</Unit>
		<Unit filename="../src/MocSolUpdt.f90">
			<Option weight="2" />
			<Option virtualFolder="Source Files/CMFD/" />
		</Unit>
		<Unit filename="../src/NullTransient.f90">
			<Option weight="11" />
			<Option virtualFolder="Source Files/Transient/" />
		</Unit>
		<Unit filename="../src/OutputEdit.f90">
			<Option weight="12" />
			<Option virtualFolder="Source Files/IO/OutputProcess/" />
		</Unit>
		<Unit filename="../src/OutputEditMC.f90">
			<Option weight="6" />
			<Option virtualFolder="Source Files/MC/" />
		</Unit>
		<Unit filename="../src/PE_mod.f90">
			<Option weight="1" />
			<Option virtualFolder="Source Files/PE/" />
		</Unit>
		<Unit filename="../src/PhimOUT.f90">
			<Option weight="10" />
			<Option virtualFolder="Source Files/IO/OutputProcess/" />
		</Unit>
		<Unit filename="../src/PinXSout.f90">
			<Option weight="10" />
			<Option virtualFolder="Source Files/IO/OutputProcess/" />
		</Unit>
		<Unit filename="../src/PointXSRT_MOD.f90">
			<Option weight="6" />
			<Option virtualFolder="Source Files/XS/" />
		</Unit>
		<Unit filename="../src/PostProc_ISOTXS.f90">
			<Option weight="3" />
			<Option virtualFolder="Source Files/XS/" />
		</Unit>
		<Unit filename="../src/PreProcess.f90">
			<Option weight="6" />
			<Option virtualFolder="Source Files/Initialize/" />
		</Unit>
		<Unit filename="../src/PrepareCMFD.f90">
			<Option weight="8" />
			<Option virtualFolder="Source Files/CMFD/" />
		</Unit>
		<Unit filename="../src/PrepareGamma.f90">
			<Option weight="10" />
			<Option virtualFolder="Source Files/Gamma Transport/" />
		</Unit>
		<Unit filename="../src/PrepareXs.f90">
			<Option weight="10" />
			<Option virtualFolder="Source Files/XS/" />
		</Unit>
		<Unit filename="../src/ProcMAT_ISOTXS.f90">
			<Option weight="3" />
			<Option virtualFolder="Source Files/XS/" />
		</Unit>
		<Unit filename="../src/ProcMat.f90">
			<Option weight="5" />
			<Option virtualFolder="Source Files/IO/" />
		</Unit>
		<Unit filename="../src/ProcessGammaOut.f90">
			<Option weight="10" />
			<Option virtualFolder="Source Files/Gamma Transport/" />
		</Unit>
		<Unit filename="../src/ProcessKERMAOut.f90">
			<Option weight="10" />
			<Option virtualFolder="Source Files/Gamma Transport/" />
		</Unit>
		<Unit filename="../src/PromptFeedback_mod.f90">
			<Option weight="15" />
			<Option virtualFolder="Source Files/Parallel Computing/CUDA/Transient/" />
		</Unit>
		<Unit filename="../src/RNG.f90">
			<Option weight="0" />
			<Option virtualFolder="Source Files/MC/" />
		</Unit>
		<Unit filename="../src/RayTraceP1_GM.f90">
			<Option weight="10" />
			<Option virtualFolder="Source Files/MOC/Group Major/" />
		</Unit>
		<Unit filename="../src/RayTraceP1_NM.f90">
			<Option weight="10" />
			<Option virtualFolder="Source Files/MOC/Node Major/" />
		</Unit>
		<Unit filename="../src/RayTrace_Dcmp.f90">
			<Option weight="10" />
			<Option virtualFolder="Source Files/MOC/Domain Dcmp/" />
		</Unit>
		<Unit filename="../src/RayTrace_GM.f90">
			<Option weight="10" />
			<Option virtualFolder="Source Files/MOC/Group Major/" />
		</Unit>
		<Unit filename="../src/RayTrace_Lin.f90">
			<Option weight="10" />
			<Option virtualFolder="Source Files/MOC/Linear Src/" />
		</Unit>
		<Unit filename="../src/RayTrace_NM.f90">
			<Option weight="10" />
			<Option virtualFolder="Source Files/MOC/Node Major/" />
		</Unit>
		<Unit filename="../src/ReadDeplFile.f90">
			<Option weight="4" />
			<Option virtualFolder="Source Files/Depletion/" />
		</Unit>
		<Unit filename="../src/ReadMesh.f90">
			<Option weight="3" />
			<Option virtualFolder="Source Files/Geometry Treatment/CADGeom/" />
		</Unit>
		<Unit filename="../src/ReadXsec.f90">
			<Option weight="3" />
			<Option virtualFolder="Source Files/XS/LibXS/" />
		</Unit>
		<Unit filename="../src/ReorderLib.f90">
			<Option weight="8" />
			<Option virtualFolder="Source Files/XS/LibXS/" />
		</Unit>
		<Unit filename="../src/RotRayGen.f90">
			<Option weight="10" />
			<Option virtualFolder="Source Files/Geometry Treatment/SetRay/" />
		</Unit>
		<Unit filename="../src/SP3DEFINES.H">
			<Option virtualFolder="Header Files/" />
		</Unit>
		<Unit filename="../src/SPH_Mod.f90">
			<Option weight="2" />
			<Option virtualFolder="Source Files/XS/LibXS/" />
		</Unit>
		<Unit filename="../src/SSPHfactorOUT.f90">
			<Option weight="3" />
			<Option virtualFolder="Source Files/IO/OutputProcess/" />
		</Unit>
		<Unit filename="../src/ScanInput.f90">
			<Option weight="11" />
			<Option virtualFolder="Source Files/IO/ReadInput/" />
		</Unit>
		<Unit filename="../src/ScanInput_include.f90">
			<Option weight="11" />
			<Option virtualFolder="Source Files/MCP/" />
		</Unit>
		<Unit filename="../src/SenmMatSolver_mod.f90">
			<Option weight="2" />
			<Option virtualFolder="Source Files/Axial Solver/SP3/" />
		</Unit>
		<Unit filename="../src/SetAsyGeom.f90">
			<Option weight="3" />
			<Option virtualFolder="Source Files/Geometry Treatment/Geom Init/" />
		</Unit>
		<Unit filename="../src/SetAsyRay.f90">
			<Option weight="4" />
			<Option virtualFolder="Source Files/Geometry Treatment/SetRay/" />
		</Unit>
		<Unit filename="../src/SetCellRay.f90">
			<Option weight="4" />
			<Option virtualFolder="Source Files/Geometry Treatment/SetRay/" />
		</Unit>
		<Unit filename="../src/SetCentGeom.f90">
			<Option weight="3" />
			<Option virtualFolder="Source Files/Geometry Treatment/Geom Init/" />
		</Unit>
		<Unit filename="../src/SetCmfdLinearSystem.f90">
			<Option weight="2" />
			<Option virtualFolder="Source Files/CMFD/SetSystem/" />
		</Unit>
		<Unit filename="../src/SetGeometry.f90">
			<Option weight="5" />
			<Option virtualFolder="Source Files/Geometry Treatment/Geom Init/" />
		</Unit>
		<Unit filename="../src/SetModRay.f90">
			<Option weight="4" />
			<Option virtualFolder="Source Files/Geometry Treatment/SetRay/" />
		</Unit>
		<Unit filename="../src/SetPE.f90">
			<Option weight="0" />
			<Option virtualFolder="Source Files/PE/" />
		</Unit>
		<Unit filename="../src/SetPinGeom.f90">
			<Option weight="4" />
			<Option virtualFolder="Source Files/Geometry Treatment/Geom Init/" />
		</Unit>
		<Unit filename="../src/SetRtSrc_GM.f90">
			<Option weight="11" />
			<Option virtualFolder="Source Files/MOC/Group Major/" />
		</Unit>
		<Unit filename="../src/SetRtSrc_Lin.f90">
			<Option weight="9" />
			<Option virtualFolder="Source Files/MOC/Linear Src/" />
		</Unit>
		<Unit filename="../src/SetRtSrc_NM.f90">
			<Option weight="11" />
			<Option virtualFolder="Source Files/MOC/Node Major/" />
		</Unit>
		<Unit filename="../src/SetRtXs_GM.f90">
			<Option weight="11" />
			<Option virtualFolder="Source Files/MOC/Group Major/" />
		</Unit>
		<Unit filename="../src/SetRtXs_NM.f90">
			<Option weight="11" />
			<Option virtualFolder="Source Files/MOC/Node Major/" />
		</Unit>
		<Unit filename="../src/SetThCell.f90">
			<Option weight="6" />
			<Option virtualFolder="Source Files/TH/" />
		</Unit>
		<Unit filename="../src/Sp3SenmOp_Mod.f90">
			<Option weight="2" />
			<Option virtualFolder="Source Files/Axial Solver/SP3/" />
		</Unit>
		<Unit filename="../src/Sp3TypeDef.f90">
			<Option weight="1" />
			<Option virtualFolder="Source Files/Axial Solver/SP3/" />
		</Unit>
		<Unit filename="../src/SteadyStateTH.f90">
			<Option weight="7" />
			<Option virtualFolder="Source Files/TH/" />
		</Unit>
		<Unit filename="../src/StemTBL_Mod.f90">
			<Option weight="1" />
			<Option virtualFolder="Source Files/TH/SteamTbl/" />
		</Unit>
		<Unit filename="../src/SubChCoupling_mod.f90">
			<Option weight="4" />
			<Option virtualFolder="Source Files/TH/Subchannel/" />
		</Unit>
		<Unit filename="../src/SubChGen_mod.f90">
			<Option weight="3" />
			<Option virtualFolder="Source Files/TH/Subchannel/" />
		</Unit>
		<Unit filename="../src/SubGrpEffXs.f90">
			<Option weight="9" />
			<Option virtualFolder="Source Files/Subgroup/" />
		</Unit>
		<Unit filename="../src/SubGrpFsp.f90">
			<Option weight="10" />
			<Option virtualFolder="Source Files/Subgroup/" />
		</Unit>
		<Unit filename="../src/SubGrpFspNM.f90">
			<Option weight="8" />
			<Option virtualFolder="Source Files/Subgroup/" />
		</Unit>
		<Unit filename="../src/SubGrp_mod.f90">
			<Option weight="2" />
			<Option virtualFolder="Source Files/Subgroup/" />
		</Unit>
		<Unit filename="../src/THFeedBack.f90">
			<Option weight="6" />
			<Option virtualFolder="Source Files/TH/" />
		</Unit>
		<Unit filename="../src/TYPEDEF_COMMON.f90">
			<Option weight="2" />
			<Option virtualFolder="Source Files/Parallel Computing/Common/" />
		</Unit>
		<Unit filename="../src/ThFunction.f90">
			<Option weight="4" />
			<Option virtualFolder="Source Files/TH/" />
		</Unit>
		<Unit filename="../src/ThInfoOut.f90">
			<Option weight="5" />
			<Option virtualFolder="Source Files/IO/OutputProcess/" />
		</Unit>
		<Unit filename="../src/Th_mod.f90">
			<Option weight="5" />
			<Option virtualFolder="Source Files/TH/" />
		</Unit>
		<Unit filename="../src/Tlkg_mod.f90">
			<Option weight="1" />
			<Option virtualFolder="Source Files/Axial Solver/" />
		</Unit>
		<Unit filename="../src/TranAxNUtil_mod.f90">
			<Option weight="2" />
			<Option virtualFolder="Source Files/Transient/CMFD/" />
		</Unit>
		<Unit filename="../src/TranCmfd.f90">
			<Option weight="4" />
			<Option virtualFolder="Source Files/Transient/CMFD/" />
		</Unit>
		<Unit filename="../src/TranCmfd_Driver.f90">
			<Option weight="6" />
			<Option virtualFolder="Source Files/Transient/CMFD/" />
		</Unit>
		<Unit filename="../src/TranCmfd_mod.f90">
			<Option weight="2" />
			<Option virtualFolder="Source Files/Transient/CMFD/" />
		</Unit>
		<Unit filename="../src/TranCondMOC.f90">
			<Option weight="11" />
			<Option virtualFolder="Source Files/Transient/MOC/" />
		</Unit>
		<Unit filename="../src/TranGcCmfd.f90">
			<Option weight="6" />
			<Option virtualFolder="Source Files/Transient/CMFD/" />
		</Unit>
		<Unit filename="../src/TranGcCmfd_mod.f90">
			<Option weight="2" />
			<Option virtualFolder="Source Files/Transient/CMFD/" />
		</Unit>
		<Unit filename="../src/TranMOC.f90">
			<Option weight="10" />
			<Option virtualFolder="Source Files/Transient/MOC/" />
		</Unit>
		<Unit filename="../src/TranMacXsLib.f90">
			<Option weight="9" />
			<Option virtualFolder="Source Files/XS/LibXS/" />
		</Unit>
		<Unit filename="../src/TranMoc_Driver.f90">
			<Option weight="10" />
			<Option virtualFolder="Source Files/Transient/MOC/" />
		</Unit>
		<Unit filename="../src/TranMoc_mod.f90">
			<Option weight="2" />
			<Option virtualFolder="Source Files/Transient/MOC/" />
		</Unit>
		<Unit filename="../src/TransientEtc.f90">
			<Option weight="10" />
			<Option virtualFolder="Source Files/Transient/" />
		</Unit>
		<Unit filename="../src/TransientTH.f90">
			<Option weight="6" />
			<Option virtualFolder="Source Files/TH/" />
		</Unit>
		<Unit filename="../src/Transient_Driver.f90">
			<Option weight="16" />
			<Option virtualFolder="Source Files/Transient/" />
		</Unit>
		<Unit filename="../src/Transient_mod.f90">
			<Option weight="10" />
			<Option virtualFolder="Source Files/Transient/" />
		</Unit>
		<Unit filename="../src/TypeDef.f90">
			<Option weight="0" />
			<Option virtualFolder="Source Files/COMMON/" />
		</Unit>
		<Unit filename="../src/UserDefTH.f90">
			<Option weight="6" />
			<Option virtualFolder="Source Files/TH/" />
		</Unit>
		<Unit filename="../src/UtilFunction.f90">
			<Option weight="2" />
			<Option virtualFolder="Source Files/Util/" />
		</Unit>
		<Unit filename="../src/VolCorrection.f90">
			<Option weight="2" />
			<Option virtualFolder="Source Files/Geometry Treatment/SetRay/" />
		</Unit>
		<Unit filename="../src/XS_COMMON.f90">
			<Option weight="5" />
			<Option virtualFolder="Source Files/Parallel Computing/Common/" />
		</Unit>
		<Unit filename="../src/XSec4MC.f90">
			<Option weight="4" />
			<Option virtualFolder="Source Files/MC/" />
		</Unit>
		<Unit filename="../src/XeDyn.f90">
			<Option weight="9" />
			<Option virtualFolder="Source Files/Xenon Dynamics/" />
		</Unit>
		<Unit filename="../src/XeDyn_Driver.f90">
			<Option weight="12" />
			<Option virtualFolder="Source Files/Xenon Dynamics/" />
		</Unit>
		<Unit filename="../src/XeDyn_mod.f90">
			<Option weight="4" />
			<Option virtualFolder="Source Files/Xenon Dynamics/" />
		</Unit>
		<Unit filename="../src/XsPerturb_Mod.f90">
			<Option weight="5" />
			<Option virtualFolder="Source Files/Transient/" />
		</Unit>
		<Unit filename="../src/Xsutil.f90">
			<Option weight="7" />
			<Option virtualFolder="Source Files/XS/" />
		</Unit>
		<Unit filename="../src/abi1d2g.f90">
			<Option weight="3" />
			<Option virtualFolder="Source Files/MC/LinearSolver/" />
		</Unit>
		<Unit filename="../src/banner.f90">
			<Option weight="3" />
			<Option virtualFolder="Source Files/Util/" />
		</Unit>
		<Unit filename="../src/bicg2g.f90">
			<Option weight="2" />
			<Option virtualFolder="Source Files/MC/LinearSolver/" />
		</Unit>
		<Unit filename="../src/cards.f90">
			<Option weight="0" />
			<Option virtualFolder="Source Files/COMMON/" />
		</Unit>
		<Unit filename="../src/clfortran.f90">
			<Option compile="0" />
			<Option link="0" />
			<Option weight="0" />
			<Option virtualFolder="Source Files/Parallel Computing/OpenCL/" />
		</Unit>
		<Unit filename="../src/cmfd_mod.f90">
			<Option weight="1" />
			<Option virtualFolder="Source Files/CMFD/" />
		</Unit>
		<Unit filename="../src/cntl.f90">
			<Option weight="1" />
			<Option virtualFolder="Source Files/COMMON/" />
		</Unit>
		<Unit filename="../src/core_mod.f90">
			<Option weight="1" />
			<Option virtualFolder="Source Files/COMMON/" />
		</Unit>
		<Unit filename="../src/defines.h">
			<Option virtualFolder="Header Files/" />
		</Unit>
		<Unit filename="../src/depletion_mod.f90">
			<Option weight="4" />
			<Option virtualFolder="Source Files/Depletion/" />
		</Unit>
		<Unit filename="../src/dmalloc.f90">
			<Option weight="0" />
			<Option virtualFolder="Source Files/Util/" />
		</Unit>
		<Unit filename="../src/facilu1d2g.f90">
			<Option weight="3" />
			<Option virtualFolder="Source Files/MC/LinearSolver/" />
		</Unit>
		<Unit filename="../src/facilu2g.f90">
			<Option weight="3" />
			<Option virtualFolder="Source Files/MC/LinearSolver/" />
		</Unit>
		<Unit filename="../src/files.f90">
			<Option weight="0" />
			<Option virtualFolder="Source Files/Util/" />
		</Unit>
		<Unit filename="../src/finalize.f90">
			<Option weight="7" />
			<Option virtualFolder="Source Files/Util/" />
		</Unit>
		<Unit filename="../src/geom.f90">
			<Option weight="1" />
			<Option virtualFolder="Source Files/COMMON/" />
		</Unit>
		<Unit filename="../src/homoXsGen.f90">
			<Option weight="11" />
			<Option virtualFolder="Source Files/CMFD/SetSystem/" />
		</Unit>
		<Unit filename="../src/inflow.f90">
			<Option weight="10" />
			<Option virtualFolder="Source Files/XS/" />
		</Unit>
		<Unit filename="../src/inflowMathUtil.f90">
			<Option weight="0" />
			<Option virtualFolder="Source Files/XS/" />
		</Unit>
		<Unit filename="../src/initbicg2g.f90">
			<Option weight="3" />
			<Option virtualFolder="Source Files/MC/LinearSolver/" />
		</Unit>
		<Unit filename="../src/initialize.f90">
			<Option weight="14" />
			<Option virtualFolder="Source Files/Initialize/" />
		</Unit>
		<Unit filename="../src/initvar.f90">
			<Option weight="11" />
			<Option virtualFolder="Source Files/Initialize/" />
		</Unit>
		<Unit filename="../src/inputedit.f90">
			<Option weight="3" />
			<Option virtualFolder="Source Files/IO/" />
		</Unit>
		<Unit filename="../src/ioutil.f90">
			<Option weight="2" />
			<Option virtualFolder="Source Files/Util/" />
		</Unit>
		<Unit filename="../src/itrcntl.f90">
			<Option weight="1" />
			<Option virtualFolder="Source Files/COMMON/" />
		</Unit>
		<Unit filename="../src/main.f90">
			<Option weight="14" />
			<Option virtualFolder="Source Files/Main/" />
		</Unit>
		<Unit filename="../src/minv2g.f90">
			<Option weight="3" />
			<Option virtualFolder="Source Files/MC/LinearSolver/" />
		</Unit>
		<Unit filename="../src/moc_mod.f90">
			<Option weight="9" />
			<Option virtualFolder="Source Files/MOC/Common/" />
		</Unit>
		<Unit filename="../src/mod_AndersonAcc_SIMPLE.f90">
			<Option weight="3" />
			<Option virtualFolder="Source Files/TH/" />
		</Unit>
		<Unit filename="../src/mtbl2g.f90">
			<Option weight="1" />
			<Option virtualFolder="Source Files/MC/LinearSolver/" />
		</Unit>
		<Unit filename="../src/nuclidmap.f90">
			<Option weight="2" />
			<Option virtualFolder="Source Files/XS/LibXS/" />
		</Unit>
		<Unit filename="../src/p1senm_mod.f90">
			<Option weight="1" />
			<Option virtualFolder="Source Files/Axial Solver/P1/" />
		</Unit>
		<Unit filename="../src/param.f90">
			<Option weight="0" />
			<Option virtualFolder="Source Files/COMMON/" />
		</Unit>
		<Unit filename="../src/precursor.f90">
			<Option weight="6" />
			<Option virtualFolder="Source Files/Transient/" />
		</Unit>
		<Unit filename="../src/procgeom.f90">
			<Option weight="4" />
			<Option virtualFolder="Source Files/IO/" />
		</Unit>
		<Unit filename="../src/rays.f90">
			<Option weight="1" />
			<Option virtualFolder="Source Files/COMMON/" />
		</Unit>
		<Unit filename="../src/readISOTXS.f90">
			<Option weight="3" />
			<Option virtualFolder="Source Files/XS/" />
		</Unit>
		<Unit filename="../src/readbenchxs.f90">
			<Option weight="11" />
			<Option virtualFolder="Source Files/XS/BenchmarkXS/" />
		</Unit>
		<Unit filename="../src/readinpcard.f90">
			<Option weight="13" />
			<Option virtualFolder="Source Files/IO/ReadInput/" />
		</Unit>
		<Unit filename="../src/readinput.f90">
			<Option weight="14" />
			<Option virtualFolder="Source Files/IO/ReadInput/" />
		</Unit>
		<Unit filename="../src/restart_mod.f90">
			<Option weight="4" />
			<Option virtualFolder="Source Files/LP_SHUFFLE/" />
		</Unit>
		<Unit filename="../src/scalprods.f90">
			<Option weight="0" />
			<Option virtualFolder="Source Files/MC/LinearSolver/" />
		</Unit>
		<Unit filename="../src/setCellrayBase.f90">
			<Option weight="4" />
			<Option virtualFolder="Source Files/Geometry Treatment/SetRay/" />
		</Unit>
		<Unit filename="../src/setray_mod.f90">
			<Option weight="1" />
			<Option virtualFolder="Source Files/Geometry Treatment/SetRay/" />
		</Unit>
		<Unit filename="../src/sol1d2g.f90">
			<Option weight="3" />
			<Option virtualFolder="Source Files/MC/LinearSolver/" />
		</Unit>
		<Unit filename="../src/sol2d2g.f90">
			<Option weight="3" />
			<Option virtualFolder="Source Files/MC/LinearSolver/" />
		</Unit>
		<Unit filename="../src/solbicg2g.f90">
			<Option weight="3" />
			<Option virtualFolder="Source Files/MC/LinearSolver/" />
		</Unit>
		<Unit filename="../src/sseig.f90">
			<Option weight="15" />
			<Option virtualFolder="Source Files/Main/" />
		</Unit>
		<Unit filename="../src/sth2xc.F">
			<Option weight="2" />
			<Option virtualFolder="Source Files/TH/SteamTbl/" />
		</Unit>
		<Unit filename="../src/subch_mod.f90">
			<Option weight="5" />
			<Option virtualFolder="Source Files/TH/Subchannel/" />
		</Unit>
		<Unit filename="../src/timer.f90">
			<Option weight="0" />
			<Option virtualFolder="Source Files/Util/" />
		</Unit>
		<Unit filename="../src/vtk_mod.f90">
			<Option weight="11" />
			<Option virtualFolder="Source Files/XS/VTK/" />
		</Unit>
		<Unit filename="../src/xslib_mod.f90">
			<Option weight="1" />
			<Option virtualFolder="Source Files/XS/LibXS/" />
		</Unit>
		<Extensions>
			<code_completion />
			<envvars />
			<debugger />
			<lib_finder disable_auto="1" />
		</Extensions>
	</Project>
</CodeBlocks_project_file>
